
Microsoft Visual Studio Solution File, Format Version 12.00
# Visual Studio Version 16
VisualStudioVersion = 16.0.30517.126
MinimumVisualStudioVersion = 10.0.40219.1
Project("{FAE04EC0-301F-11D3-BF4B-00C04F79EFBC}") = "UploadExcelfileApp", "UploadExcelfileApp.csproj", "{102F31BB-A391-4FEB-81F0-04AD076E0BB7}"
EndProject
Global
	GlobalSection(SolutionConfigurationPlatforms) = preSolution
		Debug|Any CPU = Debug|Any CPU
		Release|Any CPU = Release|Any CPU
	EndGlobalSection
	GlobalSection(ProjectConfigurationPlatforms) = postSolution
		{102F31BB-A391-4FEB-81F0-04AD076E0BB7}.Debug|Any CPU.ActiveCfg = Debug|Any CPU
		{102F31BB-A391-4FEB-81F0-04AD076E0BB7}.Debug|Any CPU.Build.0 = Debug|Any CPU
		{102F31BB-A391-4FEB-81F0-04AD076E0BB7}.Release|Any CPU.ActiveCfg = Release|Any CPU
		{102F31BB-A391-4FEB-81F0-04AD076E0BB7}.Release|Any CPU.Build.0 = Release|Any CPU
	EndGlobalSection
	GlobalSection(SolutionProperties) = preSolution
		HideSolutionNode = FALSE
	EndGlobalSection
	GlobalSection(ExtensibilityGlobals) = postSolution
		SolutionGuid = {71E9C18C-E45D-4C6E-BDA7-6B2F15569D4B}
	EndGlobalSection
EndGlobal
